
Microsoft Visual Studio Solution File, Format Version 12.00
# Visual Studio Version 16
VisualStudioVersion = 16.0.28803.916
MinimumVisualStudioVersion = 10.0.40219.1
Project("{FAE04EC0-301F-11D3-BF4B-00C04F79EFBC}") = "calculadora", "calculadora\calculadora.csproj", "{DFA8651F-3CBC-42C2-A1A1-532E75654763}"
EndProject
Global
	GlobalSection(SolutionConfigurationPlatforms) = preSolution
		Debug|Any CPU = Debug|Any CPU
		Release|Any CPU = Release|Any CPU
	EndGlobalSection
	GlobalSection(ProjectConfigurationPlatforms) = postSolution
		{DFA8651F-3CBC-42C2-A1A1-532E75654763}.Debug|Any CPU.ActiveCfg = Debug|Any CPU
		{DFA8651F-3CBC-42C2-A1A1-532E75654763}.Debug|Any CPU.Build.0 = Debug|Any CPU
		{DFA8651F-3CBC-42C2-A1A1-532E75654763}.Release|Any CPU.ActiveCfg = Release|Any CPU
		{DFA8651F-3CBC-42C2-A1A1-532E75654763}.Release|Any CPU.Build.0 = Release|Any CPU
	EndGlobalSection
	GlobalSection(SolutionProperties) = preSolution
		HideSolutionNode = FALSE
	EndGlobalSection
	GlobalSection(ExtensibilityGlobals) = postSolution
		SolutionGuid = {1CE8087D-B466-4B6A-BEC6-61987FEC7431}
	EndGlobalSection
EndGlobal
